// !$*UTF8*$!
{
	archiveVersion = 1;
	classes = {
	};
	objectVersion = 46;
	objects = {

/* Begin PBXBuildFile section */
		4A0947EF153536E00035D5C7 /* SMARTQuery.m in Sources */ = {isa = PBXBuildFile; fileRef = 4A324D3E14F03D0100C73DD2 /* SMARTQuery.m */; };
		4A4BDAC91241D4B3005DE837 /* fan.png in Resources */ = {isa = PBXBuildFile; fileRef = 4A51F0E5123904EB007BA8EA /* fan.png */; };
		4A4BDACA1241D4B3005DE837 /* route.png in Resources */ = {isa = PBXBuildFile; fileRef = 4A51F0E6123904EB007BA8EA /* route.png */; };
		4A4BDACB1241D4B3005DE837 /* thermometer.png in Resources */ = {isa = PBXBuildFile; fileRef = 4A51F0E7123904EB007BA8EA /* thermometer.png */; };
		4A4BDACC1241D4B3005DE837 /* HeatSyncPreferences.xib in Resources */ = {isa = PBXBuildFile; fileRef = 4A51F0D31239044A007BA8EA /* HeatSyncPreferences.xib */; };
		4A4BDACD1241D4B9005DE837 /* HeatSyncPreferences.m in Sources */ = {isa = PBXBuildFile; fileRef = 4AC4BB11123DD0F10067A5C7 /* HeatSyncPreferences.m */; };
		4A6B2BA112E0078100326F48 /* header.png in Resources */ = {isa = PBXBuildFile; fileRef = 4A6B2BA012E0078100326F48 /* header.png */; };
		4A76D8E7123527A300C5985A /* Security.framework in Frameworks */ = {isa = PBXBuildFile; fileRef = 4A76D8E6123527A300C5985A /* Security.framework */; };
		4A92278412E330F300481921 /* MainCore.m in Sources */ = {isa = PBXBuildFile; fileRef = 4A92278312E330F300481921 /* MainCore.m */; };
		4A96829D123853E900B439E0 /* icon.png in Resources */ = {isa = PBXBuildFile; fileRef = 4A96829C123853E900B439E0 /* icon.png */; };
		4AC2E55812318900002B5F84 /* HeatSync.m in Sources */ = {isa = PBXBuildFile; fileRef = 4AC2E55712318900002B5F84 /* HeatSync.m */; };
		4AC2E55E1231899E002B5F84 /* smc.c in Sources */ = {isa = PBXBuildFile; fileRef = 4AC2E55A1231899E002B5F84 /* smc.c */; };
		4AC2E55F1231899E002B5F84 /* smcWrapper.m in Sources */ = {isa = PBXBuildFile; fileRef = 4AC2E55D1231899E002B5F84 /* smcWrapper.m */; };
		4AC2E68212318C99002B5F84 /* IOKit.framework in Frameworks */ = {isa = PBXBuildFile; fileRef = 4AC2E68112318C99002B5F84 /* IOKit.framework */; };
		4AC727EE13AA43F6007C0283 /* VADiskPooler.m in Sources */ = {isa = PBXBuildFile; fileRef = 4AC727ED13AA43F6007C0283 /* VADiskPooler.m */; };
		4AC7ACC213A9DE7600D914B3 /* route_macbook_pro.png in Resources */ = {isa = PBXBuildFile; fileRef = 4AC7ACC113A9DE7600D914B3 /* route_macbook_pro.png */; };
		4AD6828A1235198C0032FE4A /* smc in Resources */ = {isa = PBXBuildFile; fileRef = 4AD682891235198C0032FE4A /* smc */; };
		4AE9D6FA13AF7BC5005C91E4 /* route_macbook_air.png in Resources */ = {isa = PBXBuildFile; fileRef = 4AE9D6F913AF7BC5005C91E4 /* route_macbook_air.png */; };
		4AE9D6FD13AF7CB8005C91E4 /* header_macbook_air.png in Resources */ = {isa = PBXBuildFile; fileRef = 4AE9D6FC13AF7CB8005C91E4 /* header_macbook_air.png */; };
		4AF39BF813A921A4008C10AB /* header_macbook_pro.png in Resources */ = {isa = PBXBuildFile; fileRef = 4AF39BF713A921A4008C10AB /* header_macbook_pro.png */; };
		8D5B49B0048680CD000E48DA /* InfoPlist.strings in Resources */ = {isa = PBXBuildFile; fileRef = 089C167DFE841241C02AAC07 /* InfoPlist.strings */; };
		8D5B49B4048680CD000E48DA /* Cocoa.framework in Frameworks */ = {isa = PBXBuildFile; fileRef = 1058C7ADFEA557BF11CA2CBB /* Cocoa.framework */; };
/* End PBXBuildFile section */

/* Begin PBXFileReference section */
		089C1672FE841209C02AAC07 /* Foundation.framework */ = {isa = PBXFileReference; lastKnownFileType = wrapper.framework; name = Foundation.framework; path = /System/Library/Frameworks/Foundation.framework; sourceTree = "<absolute>"; };
		089C167EFE841241C02AAC07 /* English */ = {isa = PBXFileReference; fileEncoding = 4; lastKnownFileType = text.plist.strings; name = English; path = English.lproj/InfoPlist.strings; sourceTree = "<group>"; };
		089C167FFE841241C02AAC07 /* AppKit.framework */ = {isa = PBXFileReference; lastKnownFileType = wrapper.framework; name = AppKit.framework; path = /System/Library/Frameworks/AppKit.framework; sourceTree = "<absolute>"; };
		1058C7ADFEA557BF11CA2CBB /* Cocoa.framework */ = {isa = PBXFileReference; lastKnownFileType = wrapper.framework; name = Cocoa.framework; path = /System/Library/Frameworks/Cocoa.framework; sourceTree = "<absolute>"; };
		32DBCF630370AF2F00C91783 /* HeatSync_Prefix.pch */ = {isa = PBXFileReference; fileEncoding = 4; lastKnownFileType = sourcecode.c.h; path = HeatSync_Prefix.pch; sourceTree = "<group>"; };
		4A324D3E14F03D0100C73DD2 /* SMARTQuery.m */ = {isa = PBXFileReference; lastKnownFileType = sourcecode.c.objc; name = SMARTQuery.m; path = ../../DiskFailure/DiskSMART/DiskSMART/SMARTQuery.m; sourceTree = "<group>"; };
		4A324D3F14F03D0100C73DD2 /* SMARTQuery.h */ = {isa = PBXFileReference; lastKnownFileType = sourcecode.c.h; name = SMARTQuery.h; path = ../../DiskFailure/DiskSMART/DiskSMART/SMARTQuery.h; sourceTree = "<group>"; };
		4A51F0D31239044A007BA8EA /* HeatSyncPreferences.xib */ = {isa = PBXFileReference; lastKnownFileType = file.xib; path = HeatSyncPreferences.xib; sourceTree = "<group>"; };
		4A51F0E5123904EB007BA8EA /* fan.png */ = {isa = PBXFileReference; lastKnownFileType = image.png; path = fan.png; sourceTree = "<group>"; };
		4A51F0E6123904EB007BA8EA /* route.png */ = {isa = PBXFileReference; lastKnownFileType = image.png; path = route.png; sourceTree = "<group>"; };
		4A51F0E7123904EB007BA8EA /* thermometer.png */ = {isa = PBXFileReference; lastKnownFileType = image.png; path = thermometer.png; sourceTree = "<group>"; };
		4A6B2BA012E0078100326F48 /* header.png */ = {isa = PBXFileReference; lastKnownFileType = image.png; path = header.png; sourceTree = "<group>"; };
		4A76D8E6123527A300C5985A /* Security.framework */ = {isa = PBXFileReference; lastKnownFileType = wrapper.framework; name = Security.framework; path = /System/Library/Frameworks/Security.framework; sourceTree = "<absolute>"; };
		4A92278212E330F300481921 /* MainCore.h */ = {isa = PBXFileReference; fileEncoding = 4; lastKnownFileType = sourcecode.c.h; path = MainCore.h; sourceTree = "<group>"; };
		4A92278312E330F300481921 /* MainCore.m */ = {isa = PBXFileReference; fileEncoding = 4; lastKnownFileType = sourcecode.c.objc; path = MainCore.m; sourceTree = "<group>"; };
		4A96829C123853E900B439E0 /* icon.png */ = {isa = PBXFileReference; lastKnownFileType = image.png; path = icon.png; sourceTree = "<group>"; };
		4AC2E5501231884C002B5F84 /* MPPluginInterface.h */ = {isa = PBXFileReference; fileEncoding = 4; lastKnownFileType = sourcecode.c.h; name = MPPluginInterface.h; path = ../MPPluginInterface.h; sourceTree = SOURCE_ROOT; };
		4AC2E55612318900002B5F84 /* HeatSync.h */ = {isa = PBXFileReference; fileEncoding = 4; lastKnownFileType = sourcecode.c.h; path = HeatSync.h; sourceTree = "<group>"; };
		4AC2E55712318900002B5F84 /* HeatSync.m */ = {isa = PBXFileReference; fileEncoding = 4; lastKnownFileType = sourcecode.c.objc; path = HeatSync.m; sourceTree = "<group>"; };
		4AC2E55A1231899E002B5F84 /* smc.c */ = {isa = PBXFileReference; fileEncoding = 4; lastKnownFileType = sourcecode.c.c; path = smc.c; sourceTree = "<group>"; };
		4AC2E55B1231899E002B5F84 /* smc.h */ = {isa = PBXFileReference; fileEncoding = 4; lastKnownFileType = sourcecode.c.h; path = smc.h; sourceTree = "<group>"; };
		4AC2E55C1231899E002B5F84 /* smcWrapper.h */ = {isa = PBXFileReference; fileEncoding = 4; lastKnownFileType = sourcecode.c.h; path = smcWrapper.h; sourceTree = "<group>"; };
		4AC2E55D1231899E002B5F84 /* smcWrapper.m */ = {isa = PBXFileReference; fileEncoding = 4; lastKnownFileType = sourcecode.c.objc; path = smcWrapper.m; sourceTree = "<group>"; };
		4AC2E68112318C99002B5F84 /* IOKit.framework */ = {isa = PBXFileReference; lastKnownFileType = wrapper.framework; name = IOKit.framework; path = /System/Library/Frameworks/IOKit.framework; sourceTree = "<absolute>"; };
		4AC4BB10123DD0F10067A5C7 /* HeatSyncPreferences.h */ = {isa = PBXFileReference; fileEncoding = 4; lastKnownFileType = sourcecode.c.h; path = HeatSyncPreferences.h; sourceTree = "<group>"; };
		4AC4BB11123DD0F10067A5C7 /* HeatSyncPreferences.m */ = {isa = PBXFileReference; fileEncoding = 4; lastKnownFileType = sourcecode.c.objc; path = HeatSyncPreferences.m; sourceTree = "<group>"; };
		4AC727EC13AA43F6007C0283 /* VADiskPooler.h */ = {isa = PBXFileReference; fileEncoding = 4; lastKnownFileType = sourcecode.c.h; path = VADiskPooler.h; sourceTree = "<group>"; };
		4AC727ED13AA43F6007C0283 /* VADiskPooler.m */ = {isa = PBXFileReference; fileEncoding = 4; lastKnownFileType = sourcecode.c.objc; path = VADiskPooler.m; sourceTree = "<group>"; };
		4AC7ACC113A9DE7600D914B3 /* route_macbook_pro.png */ = {isa = PBXFileReference; lastKnownFileType = image.png; path = route_macbook_pro.png; sourceTree = "<group>"; };
		4AD682891235198C0032FE4A /* smc */ = {isa = PBXFileReference; lastKnownFileType = "compiled.mach-o.executable"; path = smc; sourceTree = "<group>"; };
		4AE9D6F913AF7BC5005C91E4 /* route_macbook_air.png */ = {isa = PBXFileReference; lastKnownFileType = image.png; path = route_macbook_air.png; sourceTree = "<group>"; };
		4AE9D6FC13AF7CB8005C91E4 /* header_macbook_air.png */ = {isa = PBXFileReference; lastKnownFileType = image.png; path = header_macbook_air.png; sourceTree = "<group>"; };
		4AF39BF713A921A4008C10AB /* header_macbook_pro.png */ = {isa = PBXFileReference; lastKnownFileType = image.png; path = header_macbook_pro.png; sourceTree = "<group>"; };
		8D5B49B6048680CD000E48DA /* HeatSync.MPplugin */ = {isa = PBXFileReference; explicitFileType = wrapper.cfbundle; includeInIndex = 0; path = HeatSync.MPplugin; sourceTree = BUILT_PRODUCTS_DIR; };
		8D5B49B7048680CD000E48DA /* Info.plist */ = {isa = PBXFileReference; fileEncoding = 4; lastKnownFileType = text.plist.xml; path = Info.plist; sourceTree = "<group>"; };
/* End PBXFileReference section */

/* Begin PBXFrameworksBuildPhase section */
		8D5B49B3048680CD000E48DA /* Frameworks */ = {
			isa = PBXFrameworksBuildPhase;
			buildActionMask = 2147483647;
			files = (
				8D5B49B4048680CD000E48DA /* Cocoa.framework in Frameworks */,
				4AC2E68212318C99002B5F84 /* IOKit.framework in Frameworks */,
				4A76D8E7123527A300C5985A /* Security.framework in Frameworks */,
			);
			runOnlyForDeploymentPostprocessing = 0;
		};
/* End PBXFrameworksBuildPhase section */

/* Begin PBXGroup section */
		089C166AFE841209C02AAC07 /* HeatSync */ = {
			isa = PBXGroup;
			children = (
				4A5F754D123985CC00016829 /* Preferences */,
				08FB77AFFE84173DC02AAC07 /* Classes */,
				32C88E010371C26100C91783 /* Other Sources */,
				089C167CFE841241C02AAC07 /* Resources */,
				089C1671FE841209C02AAC07 /* Frameworks and Libraries */,
				19C28FB8FE9D52D311CA2CBB /* Products */,
			);
			name = HeatSync;
			sourceTree = "<group>";
		};
		089C1671FE841209C02AAC07 /* Frameworks and Libraries */ = {
			isa = PBXGroup;
			children = (
				1058C7ACFEA557BF11CA2CBB /* Linked Frameworks */,
				1058C7AEFEA557BF11CA2CBB /* Other Frameworks */,
			);
			name = "Frameworks and Libraries";
			sourceTree = "<group>";
		};
		089C167CFE841241C02AAC07 /* Resources */ = {
			isa = PBXGroup;
			children = (
				4A96829C123853E900B439E0 /* icon.png */,
				4AD682891235198C0032FE4A /* smc */,
				8D5B49B7048680CD000E48DA /* Info.plist */,
				089C167DFE841241C02AAC07 /* InfoPlist.strings */,
			);
			name = Resources;
			sourceTree = "<group>";
		};
		08FB77AFFE84173DC02AAC07 /* Classes */ = {
			isa = PBXGroup;
			children = (
				4AC2E55A1231899E002B5F84 /* smc.c */,
				4AC2E55B1231899E002B5F84 /* smc.h */,
				4AC2E55C1231899E002B5F84 /* smcWrapper.h */,
				4AC2E55D1231899E002B5F84 /* smcWrapper.m */,
				4AC2E55612318900002B5F84 /* HeatSync.h */,
				4AC2E55712318900002B5F84 /* HeatSync.m */,
				4A92278212E330F300481921 /* MainCore.h */,
				4A92278312E330F300481921 /* MainCore.m */,
				4AC727EC13AA43F6007C0283 /* VADiskPooler.h */,
				4AC727ED13AA43F6007C0283 /* VADiskPooler.m */,
				4A324D3E14F03D0100C73DD2 /* SMARTQuery.m */,
				4A324D3F14F03D0100C73DD2 /* SMARTQuery.h */,
			);
			name = Classes;
			sourceTree = "<group>";
		};
		1058C7ACFEA557BF11CA2CBB /* Linked Frameworks */ = {
			isa = PBXGroup;
			children = (
				4A76D8E6123527A300C5985A /* Security.framework */,
				4AC2E68112318C99002B5F84 /* IOKit.framework */,
				1058C7ADFEA557BF11CA2CBB /* Cocoa.framework */,
			);
			name = "Linked Frameworks";
			sourceTree = "<group>";
		};
		1058C7AEFEA557BF11CA2CBB /* Other Frameworks */ = {
			isa = PBXGroup;
			children = (
				089C167FFE841241C02AAC07 /* AppKit.framework */,
				089C1672FE841209C02AAC07 /* Foundation.framework */,
			);
			name = "Other Frameworks";
			sourceTree = "<group>";
		};
		19C28FB8FE9D52D311CA2CBB /* Products */ = {
			isa = PBXGroup;
			children = (
				8D5B49B6048680CD000E48DA /* HeatSync.MPplugin */,
			);
			name = Products;
			sourceTree = "<group>";
		};
		32C88E010371C26100C91783 /* Other Sources */ = {
			isa = PBXGroup;
			children = (
				4AC2E5501231884C002B5F84 /* MPPluginInterface.h */,
				32DBCF630370AF2F00C91783 /* HeatSync_Prefix.pch */,
			);
			name = "Other Sources";
			sourceTree = "<group>";
		};
		4A5F754D123985CC00016829 /* Preferences */ = {
			isa = PBXGroup;
			children = (
				4AE9D6FC13AF7CB8005C91E4 /* header_macbook_air.png */,
				4AF39BF713A921A4008C10AB /* header_macbook_pro.png */,
				4A6B2BA012E0078100326F48 /* header.png */,
				4A51F0E5123904EB007BA8EA /* fan.png */,
				4AE9D6F913AF7BC5005C91E4 /* route_macbook_air.png */,
				4AC7ACC113A9DE7600D914B3 /* route_macbook_pro.png */,
				4A51F0E6123904EB007BA8EA /* route.png */,
				4A51F0E7123904EB007BA8EA /* thermometer.png */,
				4A51F0D31239044A007BA8EA /* HeatSyncPreferences.xib */,
				4AC4BB10123DD0F10067A5C7 /* HeatSyncPreferences.h */,
				4AC4BB11123DD0F10067A5C7 /* HeatSyncPreferences.m */,
			);
			name = Preferences;
			sourceTree = "<group>";
		};
/* End PBXGroup section */

/* Begin PBXNativeTarget section */
		8D5B49AC048680CD000E48DA /* HeatSync */ = {
			isa = PBXNativeTarget;
			buildConfigurationList = 1DEB913A08733D840010E9CD /* Build configuration list for PBXNativeTarget "HeatSync" */;
			buildPhases = (
				8D5B49AF048680CD000E48DA /* Resources */,
				8D5B49B1048680CD000E48DA /* Sources */,
				8D5B49B3048680CD000E48DA /* Frameworks */,
			);
			buildRules = (
			);
			dependencies = (
			);
			name = HeatSync;
			productInstallPath = "$(HOME)/Library/Bundles";
			productName = HeatSync;
			productReference = 8D5B49B6048680CD000E48DA /* HeatSync.MPplugin */;
			productType = "com.apple.product-type.bundle";
		};
/* End PBXNativeTarget section */

/* Begin PBXProject section */
		089C1669FE841209C02AAC07 /* Project object */ = {
			isa = PBXProject;
			attributes = {
				LastUpgradeCheck = 0430;
			};
			buildConfigurationList = 1DEB913E08733D840010E9CD /* Build configuration list for PBXProject "HeatSync" */;
			compatibilityVersion = "Xcode 3.2";
			developmentRegion = English;
			hasScannedForEncodings = 1;
			knownRegions = (
				English,
				Japanese,
				French,
				German,
			);
			mainGroup = 089C166AFE841209C02AAC07 /* HeatSync */;
			projectDirPath = "";
			projectRoot = "";
			targets = (
				8D5B49AC048680CD000E48DA /* HeatSync */,
			);
		};
/* End PBXProject section */

/* Begin PBXResourcesBuildPhase section */
		8D5B49AF048680CD000E48DA /* Resources */ = {
			isa = PBXResourcesBuildPhase;
			buildActionMask = 2147483647;
			files = (
				4A4BDAC91241D4B3005DE837 /* fan.png in Resources */,
				4A4BDACA1241D4B3005DE837 /* route.png in Resources */,
				4A4BDACB1241D4B3005DE837 /* thermometer.png in Resources */,
				4A4BDACC1241D4B3005DE837 /* HeatSyncPreferences.xib in Resources */,
				8D5B49B0048680CD000E48DA /* InfoPlist.strings in Resources */,
				4AD6828A1235198C0032FE4A /* smc in Resources */,
				4A96829D123853E900B439E0 /* icon.png in Resources */,
				4A6B2BA112E0078100326F48 /* header.png in Resources */,
				4AF39BF813A921A4008C10AB /* header_macbook_pro.png in Resources */,
				4AC7ACC213A9DE7600D914B3 /* route_macbook_pro.png in Resources */,
				4AE9D6FA13AF7BC5005C91E4 /* route_macbook_air.png in Resources */,
				4AE9D6FD13AF7CB8005C91E4 /* header_macbook_air.png in Resources */,
			);
			runOnlyForDeploymentPostprocessing = 0;
		};
/* End PBXResourcesBuildPhase section */

/* Begin PBXSourcesBuildPhase section */
		8D5B49B1048680CD000E48DA /* Sources */ = {
			isa = PBXSourcesBuildPhase;
			buildActionMask = 2147483647;
			files = (
				4A0947EF153536E00035D5C7 /* SMARTQuery.m in Sources */,
				4A4BDACD1241D4B9005DE837 /* HeatSyncPreferences.m in Sources */,
				4AC2E55812318900002B5F84 /* HeatSync.m in Sources */,
				4AC2E55E1231899E002B5F84 /* smc.c in Sources */,
				4AC2E55F1231899E002B5F84 /* smcWrapper.m in Sources */,
				4A92278412E330F300481921 /* MainCore.m in Sources */,
				4AC727EE13AA43F6007C0283 /* VADiskPooler.m in Sources */,
			);
			runOnlyForDeploymentPostprocessing = 0;
		};
/* End PBXSourcesBuildPhase section */

/* Begin PBXVariantGroup section */
		089C167DFE841241C02AAC07 /* InfoPlist.strings */ = {
			isa = PBXVariantGroup;
			children = (
				089C167EFE841241C02AAC07 /* English */,
			);
			name = InfoPlist.strings;
			sourceTree = "<group>";
		};
/* End PBXVariantGroup section */

/* Begin XCBuildConfiguration section */
		1DEB913B08733D840010E9CD /* Debug */ = {
			isa = XCBuildConfiguration;
			buildSettings = {
				ALWAYS_SEARCH_USER_PATHS = NO;
				ARCHS = "$(ARCHS_STANDARD_64_BIT)";
				COPY_PHASE_STRIP = NO;
				GCC_DYNAMIC_NO_PIC = NO;
				GCC_MODEL_TUNING = G5;
				GCC_OPTIMIZATION_LEVEL = 0;
				GCC_PRECOMPILE_PREFIX_HEADER = YES;
				GCC_PREFIX_HEADER = HeatSync_Prefix.pch;
				INFOPLIST_FILE = Info.plist;
				INSTALL_PATH = "$(HOME)/Library/Bundles";
				MACOSX_DEPLOYMENT_TARGET = 10.5;
				PRODUCT_NAME = HeatSync;
				VALID_ARCHS = x86_64;
				WRAPPER_EXTENSION = MPplugin;
			};
			name = Debug;
		};
		1DEB913C08733D840010E9CD /* Release */ = {
			isa = XCBuildConfiguration;
			buildSettings = {
				ALWAYS_SEARCH_USER_PATHS = NO;
				ARCHS = "$(ARCHS_STANDARD_64_BIT)";
				CODE_SIGN_IDENTITY = "Developer ID Application: Vlad Alexa";
				DEBUG_INFORMATION_FORMAT = "dwarf-with-dsym";
				GCC_MODEL_TUNING = G5;
				GCC_PRECOMPILE_PREFIX_HEADER = YES;
				GCC_PREFIX_HEADER = HeatSync_Prefix.pch;
				INFOPLIST_FILE = Info.plist;
				INSTALL_PATH = "$(HOME)/Library/Bundles";
				MACOSX_DEPLOYMENT_TARGET = 10.5;
				PRODUCT_NAME = HeatSync;
				PROVISIONING_PROFILE = "";
				VALID_ARCHS = x86_64;
				WRAPPER_EXTENSION = MPplugin;
			};
			name = Release;
		};
		1DEB913F08733D840010E9CD /* Debug */ = {
			isa = XCBuildConfiguration;
			buildSettings = {
				ARCHS = "$(ARCHS_STANDARD_32_64_BIT)";
				GCC_C_LANGUAGE_STANDARD = gnu99;
				GCC_ENABLE_OBJC_GC = supported;
				GCC_OPTIMIZATION_LEVEL = 0;
				GCC_PREPROCESSOR_DEFINITIONS = "PLUGIN=1";
				GCC_WARN_ABOUT_RETURN_TYPE = YES;
				GCC_WARN_UNUSED_VARIABLE = YES;
				MACOSX_DEPLOYMENT_TARGET = 10.5;
				ONLY_ACTIVE_ARCH = YES;
				SDKROOT = macosx;
				WRAPPER_EXTENSION = MPplugin;
			};
			name = Debug;
		};
		1DEB914008733D840010E9CD /* Release */ = {
			isa = XCBuildConfiguration;
			buildSettings = {
				ARCHS = "$(ARCHS_STANDARD_32_64_BIT)";
				CODE_SIGN_IDENTITY = "3rd Party Mac Developer Application: Vlad Alexa";
				GCC_C_LANGUAGE_STANDARD = gnu99;
				GCC_ENABLE_OBJC_GC = supported;
				GCC_PREPROCESSOR_DEFINITIONS = "PLUGIN=1";
				GCC_WARN_ABOUT_RETURN_TYPE = YES;
				GCC_WARN_UNUSED_VARIABLE = YES;
				MACOSX_DEPLOYMENT_TARGET = 10.5;
				SDKROOT = macosx;
				WRAPPER_EXTENSION = MPplugin;
			};
			name = Release;
		};
/* End XCBuildConfiguration section */

/* Begin XCConfigurationList section */
		1DEB913A08733D840010E9CD /* Build configuration list for PBXNativeTarget "HeatSync" */ = {
			isa = XCConfigurationList;
			buildConfigurations = (
				1DEB913B08733D840010E9CD /* Debug */,
				1DEB913C08733D840010E9CD /* Release */,
			);
			defaultConfigurationIsVisible = 0;
			defaultConfigurationName = Release;
		};
		1DEB913E08733D840010E9CD /* Build configuration list for PBXProject "HeatSync" */ = {
			isa = XCConfigurationList;
			buildConfigurations = (
				1DEB913F08733D840010E9CD /* Debug */,
				1DEB914008733D840010E9CD /* Release */,
			);
			defaultConfigurationIsVisible = 0;
			defaultConfigurationName = Release;
		};
/* End XCConfigurationList section */
	};
	rootObject = 089C1669FE841209C02AAC07 /* Project object */;
}
